# This file is generated by running "yarn install" inside your project.
# Manual changes might be lost - proceed with caution!

__metadata:
  version: 6
  cacheKey: 8

"@ant-design/colors@npm:^7.0.0":
  version: 7.0.0
  resolution: "@ant-design/colors@npm:7.0.0"
  dependencies:
    "@ctrl/tinycolor": ^3.4.0
  checksum: 419e98d9cb823ff0935024f4278f7b9c5896805dce4c93d667b5a4d76b03f5fa969b32d1998ee761113da43063e2b23a94c330ad6e865f03fbbb2579907e7fdb
  languageName: node
  linkType: hard

"@ant-design/cssinjs@npm:^1.9.1":
  version: 1.9.1
  resolution: "@ant-design/cssinjs@npm:1.9.1"
  dependencies:
    "@babel/runtime": ^7.11.1
    "@emotion/hash": ^0.8.0
    "@emotion/unitless": ^0.7.5
    classnames: ^2.3.1
    csstype: ^3.0.10
    rc-util: ^5.27.0
    stylis: ^4.0.13
  peerDependencies:
    react: ">=16.0.0"
    react-dom: ">=16.0.0"
  checksum: 504f207a315c7232af213ee01351e90b91a54b56de2363e33b8afd75fdd81150cc1156f344eeeb3269557e03d8814287047fd4dc49d8a8626cb37ef9bce7ab41
  languageName: node
  linkType: hard

"@ant-design/icons-svg@npm:^4.2.1":
  version: 4.2.1
  resolution: "@ant-design/icons-svg@npm:4.2.1"
  checksum: c1fa1bbeb0c58209e2c5d49ce001543823ae2d8326e1c7aafb992deac7aaa901a44f9a16151ad919d2628dbe3d783b325ed2b9440436002225801332323296d4
  languageName: node
  linkType: hard

"@ant-design/icons@npm:^5.1.0":
  version: 5.1.0
  resolution: "@ant-design/icons@npm:5.1.0"
  dependencies:
    "@ant-design/colors": ^7.0.0
    "@ant-design/icons-svg": ^4.2.1
    "@babel/runtime": ^7.11.2
    classnames: ^2.2.6
    rc-util: ^5.9.4
  peerDependencies:
    react: ">=16.0.0"
    react-dom: ">=16.0.0"
  checksum: 977baf9940c91c0939e72b0defd9503463f910b24c0ab2c38b0ca5769bf219923a70a28e431364431d20c880b33f167a636d351af9b668372946584b0f6bb006
  languageName: node
  linkType: hard

"@ant-design/icons@npm:^5.1.4":
  version: 5.1.4
  resolution: "@ant-design/icons@npm:5.1.4"
  dependencies:
    "@ant-design/colors": ^7.0.0
    "@ant-design/icons-svg": ^4.2.1
    "@babel/runtime": ^7.11.2
    classnames: ^2.2.6
    rc-util: ^5.31.1
  peerDependencies:
    react: ">=16.0.0"
    react-dom: ">=16.0.0"
  checksum: f74f27b526459e69354adbc9d222a99afcf5fd0074a97575df239fbe5d077de0de903afa612546f24c378c2e163e02e4e31cde575da4e84e597025f12c90984f
  languageName: node
  linkType: hard

"@ant-design/react-slick@npm:~1.0.0":
  version: 1.0.1
  resolution: "@ant-design/react-slick@npm:1.0.1"
  dependencies:
    "@babel/runtime": ^7.10.4
    classnames: ^2.2.5
    json2mq: ^0.2.0
    resize-observer-polyfill: ^1.5.1
    throttle-debounce: ^5.0.0
  peerDependencies:
    react: ">=16.9.0"
  checksum: 4b6274b4d9097d6c922321550a0923b1f52a85e9b8bec2b51be56523f158801a9931fcd5b211a44aeb8a6bb583b9b88bf13d47fe263883178915860598144ab4
  languageName: node
  linkType: hard

"@babel/runtime@npm:^7.10.1, @babel/runtime@npm:^7.10.4, @babel/runtime@npm:^7.11.1, @babel/runtime@npm:^7.11.2, @babel/runtime@npm:^7.12.5, @babel/runtime@npm:^7.16.7, @babel/runtime@npm:^7.18.0, @babel/runtime@npm:^7.18.3, @babel/runtime@npm:^7.20.0, @babel/runtime@npm:^7.20.7, @babel/runtime@npm:^7.21.0":
  version: 7.21.5
  resolution: "@babel/runtime@npm:7.21.5"
  dependencies:
    regenerator-runtime: ^0.13.11
  checksum: 358f2779d3187f5c67ad302e8f8d435412925d0b991d133c7d4a7b1ddd5a3fda1b6f34537cb64628dfd96a27ae46df105bed3895b8d754b88cacdded8d1129dd
  languageName: node
  linkType: hard

"@ctrl/tinycolor@npm:^3.4.0, @ctrl/tinycolor@npm:^3.6.0":
  version: 3.6.0
  resolution: "@ctrl/tinycolor@npm:3.6.0"
  checksum: 4d1e481b4d7f9bb23d21b5436726034d37c2a1bc751b5169ef29ead0237e96443dbccbcfa887e20c3a65ba1b5e270063bb21b4034eac97561b980cbbd5e92a16
  languageName: node
  linkType: hard

"@emotion/hash@npm:^0.8.0":
  version: 0.8.0
  resolution: "@emotion/hash@npm:0.8.0"
  checksum: 4b35d88a97e67275c1d990c96d3b0450451d089d1508619488fc0acb882cb1ac91e93246d471346ebd1b5402215941ef4162efe5b51534859b39d8b3a0e3ffaa
  languageName: node
  linkType: hard

"@emotion/unitless@npm:^0.7.5":
  version: 0.7.5
  resolution: "@emotion/unitless@npm:0.7.5"
  checksum: f976e5345b53fae9414a7b2e7a949aa6b52f8bdbcc84458b1ddc0729e77ba1d1dfdff9960e0da60183877873d3a631fa24d9695dd714ed94bcd3ba5196586a6b
  languageName: node
  linkType: hard

"@next/env@npm:13.4.3":
  version: 13.4.3
  resolution: "@next/env@npm:13.4.3"
  checksum: e45f7b7a469e59a8b9b5e8b9969643907b8f6bf54037eee42eb10cb21d6d9455d10f92721eb65cc102e281fdebcb5b93e6e534dc0bacb65b368f85e9d3de49a8
  languageName: node
  linkType: hard

"@next/swc-darwin-arm64@npm:13.4.3":
  version: 13.4.3
  resolution: "@next/swc-darwin-arm64@npm:13.4.3"
  conditions: os=darwin & cpu=arm64
  languageName: node
  linkType: hard

"@next/swc-darwin-x64@npm:13.4.3":
  version: 13.4.3
  resolution: "@next/swc-darwin-x64@npm:13.4.3"
  conditions: os=darwin & cpu=x64
  languageName: node
  linkType: hard

"@next/swc-linux-arm64-gnu@npm:13.4.3":
  version: 13.4.3
  resolution: "@next/swc-linux-arm64-gnu@npm:13.4.3"
  conditions: os=linux & cpu=arm64 & libc=glibc
  languageName: node
  linkType: hard

"@next/swc-linux-arm64-musl@npm:13.4.3":
  version: 13.4.3
  resolution: "@next/swc-linux-arm64-musl@npm:13.4.3"
  conditions: os=linux & cpu=arm64 & libc=musl
  languageName: node
  linkType: hard

"@next/swc-linux-x64-gnu@npm:13.4.3":
  version: 13.4.3
  resolution: "@next/swc-linux-x64-gnu@npm:13.4.3"
  conditions: os=linux & cpu=x64 & libc=glibc
  languageName: node
  linkType: hard

"@next/swc-linux-x64-musl@npm:13.4.3":
  version: 13.4.3
  resolution: "@next/swc-linux-x64-musl@npm:13.4.3"
  conditions: os=linux & cpu=x64 & libc=musl
  languageName: node
  linkType: hard

"@next/swc-win32-arm64-msvc@npm:13.4.3":
  version: 13.4.3
  resolution: "@next/swc-win32-arm64-msvc@npm:13.4.3"
  conditions: os=win32 & cpu=arm64
  languageName: node
  linkType: hard

"@next/swc-win32-ia32-msvc@npm:13.4.3":
  version: 13.4.3
  resolution: "@next/swc-win32-ia32-msvc@npm:13.4.3"
  conditions: os=win32 & cpu=ia32
  languageName: node
  linkType: hard

"@next/swc-win32-x64-msvc@npm:13.4.3":
  version: 13.4.3
  resolution: "@next/swc-win32-x64-msvc@npm:13.4.3"
  conditions: os=win32 & cpu=x64
  languageName: node
  linkType: hard

"@rc-component/color-picker@npm:~1.1.1":
  version: 1.1.1
  resolution: "@rc-component/color-picker@npm:1.1.1"
  dependencies:
    "@babel/runtime": ^7.10.1
    "@ctrl/tinycolor": ^3.6.0
    classnames: ^2.2.6
    rc-util: ^5.30.0
  peerDependencies:
    react: ">=16.9.0"
    react-dom: ">=16.9.0"
  checksum: c52327be84d97e9c949b04dc0c1fb3765b393d985882b23797d5e73d723a14ed080ab84b802b53039f8f170e8d3a3e8fdf3f7af12aab5b743464c3e625dc9a8b
  languageName: node
  linkType: hard

"@rc-component/context@npm:^1.3.0":
  version: 1.3.0
  resolution: "@rc-component/context@npm:1.3.0"
  dependencies:
    "@babel/runtime": ^7.10.1
    rc-util: ^5.27.0
  peerDependencies:
    react: ">=16.9.0"
    react-dom: ">=16.9.0"
  checksum: 77cdd49a2dfde3b2d82ff8652581eddeceefb53c0f3f31b9ed6b09356291821d4e16e915c07a1e15a38ceb6087fb92e7c2cb8ddb26d304fafd96c8571c9136ce
  languageName: node
  linkType: hard

"@rc-component/mini-decimal@npm:^1.0.1":
  version: 1.0.1
  resolution: "@rc-component/mini-decimal@npm:1.0.1"
  dependencies:
    "@babel/runtime": ^7.18.0
  checksum: 2fd3f3d9c404f679461fa52372b71b1131ecad6b2a34d6b5be07b04475ed22428ffc7dac599a28734b349f7b1c5b714cf879e9c005a89430016c6d83899ff1e9
  languageName: node
  linkType: hard

"@rc-component/mutate-observer@npm:^1.0.0":
  version: 1.0.0
  resolution: "@rc-component/mutate-observer@npm:1.0.0"
  dependencies:
    "@babel/runtime": ^7.18.0
    classnames: ^2.3.2
    rc-util: ^5.24.4
  peerDependencies:
    react: ">=16.9.0"
    react-dom: ">=16.9.0"
  checksum: fd6d9581882cca35582e399bf5585e237748fc8240a2d76549ed003ea17fdf7ca97609cb6c8113c2836e9d3182fceda2c1469620560168eeb66fc95656f495e7
  languageName: node
  linkType: hard

"@rc-component/portal@npm:^1.0.0-6, @rc-component/portal@npm:^1.0.0-8, @rc-component/portal@npm:^1.0.0-9, @rc-component/portal@npm:^1.0.2, @rc-component/portal@npm:^1.1.0":
  version: 1.1.1
  resolution: "@rc-component/portal@npm:1.1.1"
  dependencies:
    "@babel/runtime": ^7.18.0
    classnames: ^2.3.2
    rc-util: ^5.24.4
  peerDependencies:
    react: ">=16.9.0"
    react-dom: ">=16.9.0"
  checksum: 4a2aef7cfd71a7614dc83b5ee5863ef49613e392b9aec0fa5913de4fb04ca6c9b13fd4ed183d8696475999d9c2bb945d707b245f7f28b7c0615a5f613416206a
  languageName: node
  linkType: hard

"@rc-component/tour@npm:~1.8.0":
  version: 1.8.0
  resolution: "@rc-component/tour@npm:1.8.0"
  dependencies:
    "@babel/runtime": ^7.18.0
    "@rc-component/portal": ^1.0.0-9
    "@rc-component/trigger": ^1.3.6
    classnames: ^2.3.2
    rc-util: ^5.24.4
  peerDependencies:
    react: ">=16.9.0"
    react-dom: ">=16.9.0"
  checksum: 58fa0e23b84e581298c0d4f5e0ac3a30eddb6c101a9d3405a3189a20c787254b7f416ecff0e383ffded554ad93f8f732052623c6eaf59f5270f51bd0c4782058
  languageName: node
  linkType: hard

"@rc-component/trigger@npm:^1.0.4, @rc-component/trigger@npm:^1.13.0, @rc-component/trigger@npm:^1.3.6, @rc-component/trigger@npm:^1.5.0, @rc-component/trigger@npm:^1.7.0":
  version: 1.13.1
  resolution: "@rc-component/trigger@npm:1.13.1"
  dependencies:
    "@babel/runtime": ^7.18.3
    "@rc-component/portal": ^1.1.0
    classnames: ^2.3.2
    rc-align: ^4.0.0
    rc-motion: ^2.0.0
    rc-resize-observer: ^1.3.1
    rc-util: ^5.29.2
  peerDependencies:
    react: ">=16.9.0"
    react-dom: ">=16.9.0"
  checksum: 8cef7bee5c46cb325a400ba7e1d13c848b17581147ef187d7c55e0e03a05eece520660bc5f1502c297f8e1974b856a7b7c46cec0f8fc4787739ee2a75eaa514b
  languageName: node
  linkType: hard

"@swc/helpers@npm:0.5.1":
  version: 0.5.1
  resolution: "@swc/helpers@npm:0.5.1"
  dependencies:
    tslib: ^2.4.0
  checksum: 71e0e27234590435e4c62b97ef5e796f88e786841a38c7116a5e27a3eafa7b9ead7cdec5249b32165902076de78446945311c973e59bddf77c1e24f33a8f272a
  languageName: node
  linkType: hard

"@types/js-cookie@npm:^2.x.x":
  version: 2.2.7
  resolution: "@types/js-cookie@npm:2.2.7"
  checksum: 851f47e94ca1fc43661d8f51614d67a613e7810c91b876d0a3b311ce72f7df800107fd02a08cb6948184e12c120b4f058edca2f50424d8798bdcffd6627281e3
  languageName: node
  linkType: hard

"@types/node@npm:20.2.3":
  version: 20.2.3
  resolution: "@types/node@npm:20.2.3"
  checksum: 576065e8fc1fa45798c8f59a6bf809169582d04abc2e25fab1a048ffc734975b9992ae31be0d960cf705a21fb37112f7fcde11aa322beddf7491e73d5a5a988c
  languageName: node
  linkType: hard

"@types/prop-types@npm:*":
  version: 15.7.5
  resolution: "@types/prop-types@npm:15.7.5"
  checksum: 5b43b8b15415e1f298243165f1d44390403bb2bd42e662bca3b5b5633fdd39c938e91b7fce3a9483699db0f7a715d08cef220c121f723a634972fdf596aec980
  languageName: node
  linkType: hard

"@types/react-dom@npm:18.2.4":
  version: 18.2.4
  resolution: "@types/react-dom@npm:18.2.4"
  dependencies:
    "@types/react": "*"
  checksum: 8301f35cf1cbfec8c723e9477aecf87774e3c168bd457d353b23c45064737213d3e8008b067c6767b7b08e4f2b3823ee239242a6c225fc91e7f8725ef8734124
  languageName: node
  linkType: hard

"@types/react@npm:*, @types/react@npm:18.2.6":
  version: 18.2.6
  resolution: "@types/react@npm:18.2.6"
  dependencies:
    "@types/prop-types": "*"
    "@types/scheduler": "*"
    csstype: ^3.0.2
  checksum: dea9d232d8df7ac357367a69dcb557711ab3d5501807ffa77cebeee73d49ee94d095f298e36853c63ed47cce097eee4c7eae2aaa8c02fac3f0171ec1b523a819
  languageName: node
  linkType: hard

"@types/scheduler@npm:*":
  version: 0.16.3
  resolution: "@types/scheduler@npm:0.16.3"
  checksum: 2b0aec39c24268e3ce938c5db2f2e77f5c3dd280e05c262d9c2fe7d890929e4632a6b8e94334017b66b45e4f92a5aa42ba3356640c2a1175fa37bef2f5200767
  languageName: node
  linkType: hard

"ahooks-v3-count@npm:^1.0.0":
  version: 1.0.0
  resolution: "ahooks-v3-count@npm:1.0.0"
  checksum: 3974d94b7cbe0694e18811dee5cfe507a740ecc2875e4bca204d30dfcf0a637a2035d3c296a1b873fc25aa14c4134e805ecc64d4dc2f5d0fb645090bb826771d
  languageName: node
  linkType: hard

"ahooks@npm:^3.7.7":
  version: 3.7.7
  resolution: "ahooks@npm:3.7.7"
  dependencies:
    "@babel/runtime": ^7.21.0
    "@types/js-cookie": ^2.x.x
    ahooks-v3-count: ^1.0.0
    dayjs: ^1.9.1
    intersection-observer: ^0.12.0
    js-cookie: ^2.x.x
    lodash: ^4.17.21
    resize-observer-polyfill: ^1.5.1
    screenfull: ^5.0.0
    tslib: ^2.4.1
  peerDependencies:
    react: ^16.8.0 || ^17.0.0 || ^18.0.0
  checksum: 0c86aaf75793549558f251fb628e8bf8ff9c75436c0ab08c7511d9eb09cee68bb9fe2aef50a945470242c2059f92deb9a3afe7adf6eb3500045bb599cdc1427c
  languageName: node
  linkType: hard

"antd@npm:^5.5.1":
  version: 5.5.1
  resolution: "antd@npm:5.5.1"
  dependencies:
    "@ant-design/colors": ^7.0.0
    "@ant-design/cssinjs": ^1.9.1
    "@ant-design/icons": ^5.1.0
    "@ant-design/react-slick": ~1.0.0
    "@babel/runtime": ^7.18.3
    "@ctrl/tinycolor": ^3.6.0
    "@rc-component/color-picker": ~1.1.1
    "@rc-component/mutate-observer": ^1.0.0
    "@rc-component/tour": ~1.8.0
    "@rc-component/trigger": ^1.13.0
    classnames: ^2.2.6
    copy-to-clipboard: ^3.2.0
    dayjs: ^1.11.1
    qrcode.react: ^3.1.0
    rc-cascader: ~3.12.0
    rc-checkbox: ~3.0.0
    rc-collapse: ~3.5.2
    rc-dialog: ~9.1.0
    rc-drawer: ~6.1.1
    rc-dropdown: ~4.1.0
    rc-field-form: ~1.31.0
    rc-image: ~5.16.0
    rc-input: ~1.0.4
    rc-input-number: ~7.4.0
    rc-mentions: ~2.2.0
    rc-menu: ~9.8.3
    rc-motion: ^2.7.3
    rc-notification: ~5.0.4
    rc-pagination: ~3.4.2
    rc-picker: ~3.7.4
    rc-progress: ~3.4.1
    rc-rate: ~2.10.0
    rc-resize-observer: ^1.2.0
    rc-segmented: ~2.2.0
    rc-select: ~14.5.0
    rc-slider: ~10.1.0
    rc-steps: ~6.0.0
    rc-switch: ~4.1.0
    rc-table: ~7.32.1
    rc-tabs: ~12.6.0
    rc-textarea: ~1.2.2
    rc-tooltip: ~6.0.0
    rc-tree: ~5.7.0
    rc-tree-select: ~5.9.0
    rc-upload: ~4.3.0
    rc-util: ^5.27.0
    scroll-into-view-if-needed: ^3.0.3
    throttle-debounce: ^5.0.0
  peerDependencies:
    react: ">=16.9.0"
    react-dom: ">=16.9.0"
  checksum: 27d77f2e571d2c6249828b0dd3615c562e1ddd80c0bc41328eca15b5307e995df5db292f2dbd80d0bd8b44e8a5b4d11c7018364d49a4f15a4b2fc119156cae26
  languageName: node
  linkType: hard

"array-tree-filter@npm:^2.1.0":
  version: 2.1.0
  resolution: "array-tree-filter@npm:2.1.0"
  checksum: ca65dbeb80777eadadfcd4dbd2658d9eb0be66e426a6b6d64f1a71dff5351f2e6f370e0cbcc418e9e6e01d06b337b128441a71c7143abe4d925d027d5aa0100f
  languageName: node
  linkType: hard

"async-validator@npm:^4.1.0":
  version: 4.2.5
  resolution: "async-validator@npm:4.2.5"
  checksum: 3e3d891a2e21497c8a646afeb7b1e6ed5f98de5f58ce3600732080f327cb581e65d8d8ff184273f1461dc84105d49f5cf31422a67ce50e787967c306838b6f40
  languageName: node
  linkType: hard

"busboy@npm:1.6.0":
  version: 1.6.0
  resolution: "busboy@npm:1.6.0"
  dependencies:
    streamsearch: ^1.1.0
  checksum: 32801e2c0164e12106bf236291a00795c3c4e4b709ae02132883fe8478ba2ae23743b11c5735a0aae8afe65ac4b6ca4568b91f0d9fed1fdbc32ede824a73746e
  languageName: node
  linkType: hard

"caniuse-lite@npm:^1.0.30001406":
  version: 1.0.30001489
  resolution: "caniuse-lite@npm:1.0.30001489"
  checksum: 94585a351fd7661b855c83eace474db0ee5a617159b46f2eff1f6fe4b85d7a205418471fdec8cf5cd647a7f79958706d5e664c0bbf3c7c09118b35db9bb95a1b
  languageName: node
  linkType: hard

"classnames@npm:2.x, classnames@npm:^2.2.1, classnames@npm:^2.2.3, classnames@npm:^2.2.5, classnames@npm:^2.2.6, classnames@npm:^2.3.1, classnames@npm:^2.3.2":
  version: 2.3.2
  resolution: "classnames@npm:2.3.2"
  checksum: 2c62199789618d95545c872787137262e741f9db13328e216b093eea91c85ef2bfb152c1f9e63027204e2559a006a92eb74147d46c800a9f96297ae1d9f96f4e
  languageName: node
  linkType: hard

"client-only@npm:0.0.1":
  version: 0.0.1
  resolution: "client-only@npm:0.0.1"
  checksum: 0c16bf660dadb90610553c1d8946a7fdfb81d624adea073b8440b7d795d5b5b08beb3c950c6a2cf16279365a3265158a236876d92bce16423c485c322d7dfaf8
  languageName: node
  linkType: hard

"compute-scroll-into-view@npm:^3.0.2":
  version: 3.0.3
  resolution: "compute-scroll-into-view@npm:3.0.3"
  checksum: 7143869648d4de8ff2cb60eb8e96a21b47948c3210d15d1bfaa7e88de722c7f83f06676b97ebff94831dde0c03e42458ecfbde466747945187ee5c7667c68395
  languageName: node
  linkType: hard

"copy-to-clipboard@npm:^3.2.0":
  version: 3.3.3
  resolution: "copy-to-clipboard@npm:3.3.3"
  dependencies:
    toggle-selection: ^1.0.6
  checksum: e0a325e39b7615108e6c1c8ac110ae7b829cdc4ee3278b1df6a0e4228c490442cc86444cd643e2da344fbc424b3aab8909e2fec82f8bc75e7e5b190b7c24eecf
  languageName: node
  linkType: hard

"csstype@npm:^3.0.10, csstype@npm:^3.0.2":
  version: 3.1.2
  resolution: "csstype@npm:3.1.2"
  checksum: e1a52e6c25c1314d6beef5168da704ab29c5186b877c07d822bd0806717d9a265e8493a2e35ca7e68d0f5d472d43fac1cdce70fd79fd0853dff81f3028d857b5
  languageName: node
  linkType: hard

"dayjs@npm:^1.11.1, dayjs@npm:^1.9.1":
  version: 1.11.7
  resolution: "dayjs@npm:1.11.7"
  checksum: 5003a7c1dd9ed51385beb658231c3548700b82d3548c0cfbe549d85f2d08e90e972510282b7506941452c58d32136d6362f009c77ca55381a09c704e9f177ebb
  languageName: node
  linkType: hard

"dom-align@npm:^1.7.0":
  version: 1.12.4
  resolution: "dom-align@npm:1.12.4"
  checksum: ff5cfdb6e9c9e03e6d67a61b4633f25845f2385f67b1bd84a28aa2cb2c6b58eea53fde347b0d2439f0ba49cd6b80a7463f98569731cb14ec2542ecdeef19d165
  languageName: node
  linkType: hard

"intersection-observer@npm:^0.12.0":
  version: 0.12.2
  resolution: "intersection-observer@npm:0.12.2"
  checksum: d1fa9ebbb1e0baafe88ad95545bbb93f92bdcb8789912a2bd11b2463ab177ef185052c9c79c26187833d633f404acb077d4b1249353c5f6e2ca5cd64f50e216b
  languageName: node
  linkType: hard

"js-cookie@npm:^2.x.x":
  version: 2.2.1
  resolution: "js-cookie@npm:2.2.1"
  checksum: 9b1fb980a1c5e624fd4b28ea4867bb30c71e04c4484bb3a42766344c533faa684de9498e443425479ec68609e96e27b60614bfe354877c449c631529b6d932f2
  languageName: node
  linkType: hard

"js-tokens@npm:^3.0.0 || ^4.0.0":
  version: 4.0.0
  resolution: "js-tokens@npm:4.0.0"
  checksum: 8a95213a5a77deb6cbe94d86340e8d9ace2b93bc367790b260101d2f36a2eaf4e4e22d9fa9cf459b38af3a32fb4190e638024cf82ec95ef708680e405ea7cc78
  languageName: node
  linkType: hard

"json2mq@npm:^0.2.0":
  version: 0.2.0
  resolution: "json2mq@npm:0.2.0"
  dependencies:
    string-convert: ^0.2.0
  checksum: 5672c3abdd31e21a0e2f0c2688b4948103687dab949a1c5a1cba98667e899a96c2c7e3d71763c4f5e7cd7d7c379ea5dd5e1a9b2a2107dd1dfa740719a11aa272
  languageName: node
  linkType: hard

"lodash@npm:^4.17.21":
  version: 4.17.21
  resolution: "lodash@npm:4.17.21"
  checksum: eb835a2e51d381e561e508ce932ea50a8e5a68f4ebdd771ea240d3048244a8d13658acbd502cd4829768c56f2e16bdd4340b9ea141297d472517b83868e677f7
  languageName: node
  linkType: hard

"loose-envify@npm:^1.1.0":
  version: 1.4.0
  resolution: "loose-envify@npm:1.4.0"
  dependencies:
    js-tokens: ^3.0.0 || ^4.0.0
  bin:
    loose-envify: cli.js
  checksum: 6517e24e0cad87ec9888f500c5b5947032cdfe6ef65e1c1936a0c48a524b81e65542c9c3edc91c97d5bddc806ee2a985dbc79be89215d613b1de5db6d1cfe6f4
  languageName: node
  linkType: hard

"nanoid@npm:^3.3.4":
  version: 3.3.6
  resolution: "nanoid@npm:3.3.6"
  bin:
    nanoid: bin/nanoid.cjs
  checksum: 7d0eda657002738aa5206107bd0580aead6c95c460ef1bdd0b1a87a9c7ae6277ac2e9b945306aaa5b32c6dcb7feaf462d0f552e7f8b5718abfc6ead5c94a71b3
  languageName: node
  linkType: hard

"next@npm:13.4.3":
  version: 13.4.3
  resolution: "next@npm:13.4.3"
  dependencies:
    "@next/env": 13.4.3
    "@next/swc-darwin-arm64": 13.4.3
    "@next/swc-darwin-x64": 13.4.3
    "@next/swc-linux-arm64-gnu": 13.4.3
    "@next/swc-linux-arm64-musl": 13.4.3
    "@next/swc-linux-x64-gnu": 13.4.3
    "@next/swc-linux-x64-musl": 13.4.3
    "@next/swc-win32-arm64-msvc": 13.4.3
    "@next/swc-win32-ia32-msvc": 13.4.3
    "@next/swc-win32-x64-msvc": 13.4.3
    "@swc/helpers": 0.5.1
    busboy: 1.6.0
    caniuse-lite: ^1.0.30001406
    postcss: 8.4.14
    styled-jsx: 5.1.1
    zod: 3.21.4
  peerDependencies:
    "@opentelemetry/api": ^1.1.0
    fibers: ">= 3.1.0"
    node-sass: ^6.0.0 || ^7.0.0
    react: ^18.2.0
    react-dom: ^18.2.0
    sass: ^1.3.0
  dependenciesMeta:
    "@next/swc-darwin-arm64":
      optional: true
    "@next/swc-darwin-x64":
      optional: true
    "@next/swc-linux-arm64-gnu":
      optional: true
    "@next/swc-linux-arm64-musl":
      optional: true
    "@next/swc-linux-x64-gnu":
      optional: true
    "@next/swc-linux-x64-musl":
      optional: true
    "@next/swc-win32-arm64-msvc":
      optional: true
    "@next/swc-win32-ia32-msvc":
      optional: true
    "@next/swc-win32-x64-msvc":
      optional: true
  peerDependenciesMeta:
    "@opentelemetry/api":
      optional: true
    fibers:
      optional: true
    node-sass:
      optional: true
    sass:
      optional: true
  bin:
    next: dist/bin/next
  checksum: 65f13be0600b8b64de7ee51b5cf06b062f2f9f484bddf79002107750d6e92ab01542cb7de62f03a5be6eafbb060ee68fa688714ef02956c7e603e67bdd28cd84
  languageName: node
  linkType: hard

"picocolors@npm:^1.0.0":
  version: 1.0.0
  resolution: "picocolors@npm:1.0.0"
  checksum: a2e8092dd86c8396bdba9f2b5481032848525b3dc295ce9b57896f931e63fc16f79805144321f72976383fc249584672a75cc18d6777c6b757603f372f745981
  languageName: node
  linkType: hard

"ping-coming-soon-page@workspace:.":
  version: 0.0.0-use.local
  resolution: "ping-coming-soon-page@workspace:."
  dependencies:
    "@ant-design/icons": ^5.1.4
    "@types/node": 20.2.3
    "@types/react": 18.2.6
    "@types/react-dom": 18.2.4
    ahooks: ^3.7.7
    antd: ^5.5.1
    next: 13.4.3
    react: 18.2.0
    react-dom: 18.2.0
    typescript: 5.0.4
  languageName: unknown
  linkType: soft

"postcss@npm:8.4.14":
  version: 8.4.14
  resolution: "postcss@npm:8.4.14"
  dependencies:
    nanoid: ^3.3.4
    picocolors: ^1.0.0
    source-map-js: ^1.0.2
  checksum: fe58766ff32e4becf65a7d57678995cfd239df6deed2fe0557f038b47c94e4132e7e5f68b5aa820c13adfec32e523b693efaeb65798efb995ce49ccd83953816
  languageName: node
  linkType: hard

"qrcode.react@npm:^3.1.0":
  version: 3.1.0
  resolution: "qrcode.react@npm:3.1.0"
  peerDependencies:
    react: ^16.8.0 || ^17.0.0 || ^18.0.0
  checksum: 94a2942ecf83f461d869adb20305ae663c6d1abe93ef2c72442b07d756ce70cf6deb6fd588dc5b382b48c6991cfde1dfd5ac9b814c1461e71d5edb2d945e67fc
  languageName: node
  linkType: hard

"rc-align@npm:^4.0.0":
  version: 4.0.15
  resolution: "rc-align@npm:4.0.15"
  dependencies:
    "@babel/runtime": ^7.10.1
    classnames: 2.x
    dom-align: ^1.7.0
    rc-util: ^5.26.0
    resize-observer-polyfill: ^1.5.1
  peerDependencies:
    react: ">=16.9.0"
    react-dom: ">=16.9.0"
  checksum: dfb7d3bfaa8d4b9ead4dbd8d84d4033fbd7a3f2232e7797ab1f86545c043cbe3952575fcfa63361045e2d1fa3a07c54545e442d60b08e753f4d581dcd5da186e
  languageName: node
  linkType: hard

"rc-cascader@npm:~3.12.0":
  version: 3.12.0
  resolution: "rc-cascader@npm:3.12.0"
  dependencies:
    "@babel/runtime": ^7.12.5
    array-tree-filter: ^2.1.0
    classnames: ^2.3.1
    rc-select: ~14.5.0
    rc-tree: ~5.7.0
    rc-util: ^5.6.1
  peerDependencies:
    react: ">=16.9.0"
    react-dom: ">=16.9.0"
  checksum: 30b356119f8ae389d9feedb3cfcef07fe55452e5b2819c7df8bfed7f998cbc762a2929fd2b0dd96df2007a5554adb5876df9d9a4303ad0f6c17192e0e072d96a
  languageName: node
  linkType: hard

"rc-checkbox@npm:~3.0.0":
  version: 3.0.1
  resolution: "rc-checkbox@npm:3.0.1"
  dependencies:
    "@babel/runtime": ^7.10.1
    classnames: ^2.3.2
    rc-util: ^5.25.2
  peerDependencies:
    react: ">=16.9.0"
    react-dom: ">=16.9.0"
  checksum: 046b138e95c1b77fb0fb0d06ef3cdb00e34ae551adfe0a0b886cd0fb0ee34a98d1bef43a2c0122e6731862c2ec031d0d2fff9b4ea6c36857777532ad29115265
  languageName: node
  linkType: hard

"rc-collapse@npm:~3.5.2":
  version: 3.5.2
  resolution: "rc-collapse@npm:3.5.2"
  dependencies:
    "@babel/runtime": ^7.10.1
    classnames: 2.x
    rc-motion: ^2.3.4
    rc-util: ^5.27.0
  peerDependencies:
    react: ">=16.9.0"
    react-dom: ">=16.9.0"
  checksum: 38a47d96c09520f11ab324a390f0be6c8e73bb169f8c636c71f88a8d66a70a1a1a12fbc7c754c2ffc973b0bec90d223dfaf637ef474da0a4c9c63fa05d8cc71d
  languageName: node
  linkType: hard

"rc-dialog@npm:~9.1.0":
  version: 9.1.0
  resolution: "rc-dialog@npm:9.1.0"
  dependencies:
    "@babel/runtime": ^7.10.1
    "@rc-component/portal": ^1.0.0-8
    classnames: ^2.2.6
    rc-motion: ^2.3.0
    rc-util: ^5.21.0
  peerDependencies:
    react: ">=16.9.0"
    react-dom: ">=16.9.0"
  checksum: 59d2504301a813022b9782e808e61e4e6a55d746a5608d9927b8f6cf4806dd694df7812678f56174419cccb5273d5e302c3178d31a6c5871aa97be5fd086267c
  languageName: node
  linkType: hard

"rc-drawer@npm:~6.1.1":
  version: 6.1.5
  resolution: "rc-drawer@npm:6.1.5"
  dependencies:
    "@babel/runtime": ^7.10.1
    "@rc-component/portal": ^1.0.0-6
    classnames: ^2.2.6
    rc-motion: ^2.6.1
    rc-util: ^5.21.2
  peerDependencies:
    react: ">=16.9.0"
    react-dom: ">=16.9.0"
  checksum: 9eaea14fd3c38b5b1e1c5cd2f6479dcb35841ea2e815d12af36b91a2fff65aeec956daea159ff3f7594737c90e266268da5c5e4ff36745be8e4fa9cd9e4f9eb5
  languageName: node
  linkType: hard

"rc-dropdown@npm:~4.1.0":
  version: 4.1.0
  resolution: "rc-dropdown@npm:4.1.0"
  dependencies:
    "@babel/runtime": ^7.18.3
    "@rc-component/trigger": ^1.7.0
    classnames: ^2.2.6
    rc-util: ^5.17.0
  peerDependencies:
    react: ">=16.11.0"
    react-dom: ">=16.11.0"
  checksum: 97417289ad4e3c3b68980c9bb80d3429fba9fdf0011f73fd1bee1b9d0c7c602ee469ac52aadca6fec85430595a8581a069750ad696472f2ca951d5e44850a6f4
  languageName: node
  linkType: hard

"rc-field-form@npm:~1.31.0":
  version: 1.31.0
  resolution: "rc-field-form@npm:1.31.0"
  dependencies:
    "@babel/runtime": ^7.18.0
    async-validator: ^4.1.0
    rc-util: ^5.8.0
  peerDependencies:
    react: ">=16.9.0"
    react-dom: ">=16.9.0"
  checksum: 690b0867eec797662d0f10694cf4e9e9e36c61b27b5c35024721a7b492829f677aea74a95a572a499e8b9638eafa5a7e62c13ac6e54d19a37e41893c0e40051f
  languageName: node
  linkType: hard

"rc-image@npm:~5.16.0":
  version: 5.16.0
  resolution: "rc-image@npm:5.16.0"
  dependencies:
    "@babel/runtime": ^7.11.2
    "@rc-component/portal": ^1.0.2
    classnames: ^2.2.6
    rc-dialog: ~9.1.0
    rc-motion: ^2.6.2
    rc-util: ^5.0.6
  peerDependencies:
    react: ">=16.9.0"
    react-dom: ">=16.9.0"
  checksum: 85ea82d349de80a1d9a926997acc8c8576f659bf7b7edb8d090d758ff0e8b7db8f23ce49e344a9cdaef106d00ae5f97e3e23330c83e4ea8f741567c079187541
  languageName: node
  linkType: hard

"rc-input-number@npm:~7.4.0":
  version: 7.4.2
  resolution: "rc-input-number@npm:7.4.2"
  dependencies:
    "@babel/runtime": ^7.10.1
    "@rc-component/mini-decimal": ^1.0.1
    classnames: ^2.2.5
    rc-util: ^5.28.0
  peerDependencies:
    react: ">=16.9.0"
    react-dom: ">=16.9.0"
  checksum: 36a2b03902f96ec56b66588294b61cf48656e9004dad4ee92ae577d3c329400a2b5bf1f9f8830812b3ca860cf2971fdf340dbf587993740db3c97146c6446662
  languageName: node
  linkType: hard

"rc-input@npm:~1.0.0, rc-input@npm:~1.0.4":
  version: 1.0.4
  resolution: "rc-input@npm:1.0.4"
  dependencies:
    "@babel/runtime": ^7.11.1
    classnames: ^2.2.1
    rc-util: ^5.18.1
  peerDependencies:
    react: ">=16.0.0"
    react-dom: ">=16.0.0"
  checksum: 9fca51ab654fc2b412820a9bfd7e8759799dd74b84bb6b4e3885e2dfcb858d534b4bf8190598cd3e2e9f1887784c69322e5d16266079d87fc2b399da5b6a28bd
  languageName: node
  linkType: hard

"rc-mentions@npm:~2.2.0":
  version: 2.2.0
  resolution: "rc-mentions@npm:2.2.0"
  dependencies:
    "@babel/runtime": ^7.10.1
    "@rc-component/trigger": ^1.5.0
    classnames: ^2.2.6
    rc-input: ~1.0.0
    rc-menu: ~9.8.0
    rc-textarea: ~1.2.0
    rc-util: ^5.22.5
  peerDependencies:
    react: ">=16.9.0"
    react-dom: ">=16.9.0"
  checksum: 79c43188e71d0503c8dbb6919dc7cc3147ae96c97c2a78bf7802e45e127f57cf504a0ed5237960a4bdfd46cb28d0aed24ff820ac4a439f1b653210fc3e671e5a
  languageName: node
  linkType: hard

"rc-menu@npm:~9.8.0, rc-menu@npm:~9.8.3":
  version: 9.8.4
  resolution: "rc-menu@npm:9.8.4"
  dependencies:
    "@babel/runtime": ^7.10.1
    classnames: 2.x
    rc-motion: ^2.4.3
    rc-overflow: ^1.2.8
    rc-trigger: ^5.1.2
    rc-util: ^5.27.0
  peerDependencies:
    react: ">=16.9.0"
    react-dom: ">=16.9.0"
  checksum: a646dea20e8f5638aa25da8e9fa552ffb833b13fbfce04b7ae876892e7ea1592143cbf57bcb943fa9ea96f29e65a1987c2aab5c1407874e825e0ba20e16109f2
  languageName: node
  linkType: hard

"rc-motion@npm:^2.0.0, rc-motion@npm:^2.0.1, rc-motion@npm:^2.3.0, rc-motion@npm:^2.3.4, rc-motion@npm:^2.4.3, rc-motion@npm:^2.4.4, rc-motion@npm:^2.6.0, rc-motion@npm:^2.6.1, rc-motion@npm:^2.6.2, rc-motion@npm:^2.7.3":
  version: 2.7.3
  resolution: "rc-motion@npm:2.7.3"
  dependencies:
    "@babel/runtime": ^7.11.1
    classnames: ^2.2.1
    rc-util: ^5.21.0
  peerDependencies:
    react: ">=16.9.0"
    react-dom: ">=16.9.0"
  checksum: d3b2762a35103938ecc5b1739c100bbf84451c332cf4bb4b71cfa4b3604fbe515ff6f8928e7452f3c88148bb8e5d3480d2a5a06629df02395819724df36a751b
  languageName: node
  linkType: hard

"rc-notification@npm:~5.0.4":
  version: 5.0.4
  resolution: "rc-notification@npm:5.0.4"
  dependencies:
    "@babel/runtime": ^7.10.1
    classnames: 2.x
    rc-motion: ^2.6.0
    rc-util: ^5.20.1
  peerDependencies:
    react: ">=16.9.0"
    react-dom: ">=16.9.0"
  checksum: b17b0cf18d18549685441a7a17b4ca0d797ae817b514ec4492ac637b1a9a75c1a121bcc54cb966f64294a13c9161bd5614e710242a7d2c056b9322d6148cba57
  languageName: node
  linkType: hard

"rc-overflow@npm:^1.0.0, rc-overflow@npm:^1.2.8":
  version: 1.3.0
  resolution: "rc-overflow@npm:1.3.0"
  dependencies:
    "@babel/runtime": ^7.11.1
    classnames: ^2.2.1
    rc-resize-observer: ^1.0.0
    rc-util: ^5.19.2
  peerDependencies:
    react: ">=16.9.0"
    react-dom: ">=16.9.0"
  checksum: f8ead9712a9384923727eccd8dfa3e394a987788e2722a97264ed47e1784e62664e7898b250f8f5b467f01aab6438dec145b4108437141ffbb9186f5cf58320f
  languageName: node
  linkType: hard

"rc-pagination@npm:~3.4.2":
  version: 3.4.2
  resolution: "rc-pagination@npm:3.4.2"
  dependencies:
    "@babel/runtime": ^7.10.1
    classnames: ^2.2.1
  peerDependencies:
    react: ">=16.9.0"
    react-dom: ">=16.9.0"
  checksum: f7425fbf028df56b11ccec9f82f1b11c814e1d42c4d3b9d9e55c1f58592c82046ef9feb7da1de1b77fd6699b3c617ba259b476fae63a29307a62a7f19e8efe37
  languageName: node
  linkType: hard

"rc-picker@npm:~3.7.4":
  version: 3.7.4
  resolution: "rc-picker@npm:3.7.4"
  dependencies:
    "@babel/runtime": ^7.10.1
    "@rc-component/trigger": ^1.5.0
    classnames: ^2.2.1
    rc-util: ^5.30.0
  peerDependencies:
    date-fns: ">= 2.x"
    dayjs: ">= 1.x"
    luxon: ">= 3.x"
    moment: ">= 2.x"
    react: ">=16.9.0"
    react-dom: ">=16.9.0"
  peerDependenciesMeta:
    date-fns:
      optional: true
    dayjs:
      optional: true
    luxon:
      optional: true
    moment:
      optional: true
  checksum: 6b6cc858723763bdc30151635fb70118c390067bafa211a9541c62f017d480ac6fef9a9f8c92eb0c4040bfde9d1d53fc6b3af1d533bbe977a39b4dd915c517c3
  languageName: node
  linkType: hard

"rc-progress@npm:~3.4.1":
  version: 3.4.1
  resolution: "rc-progress@npm:3.4.1"
  dependencies:
    "@babel/runtime": ^7.10.1
    classnames: ^2.2.6
    rc-util: ^5.16.1
  peerDependencies:
    react: ">=16.9.0"
    react-dom: ">=16.9.0"
  checksum: d4dce5231ea29bfa866935a59f05473711f9dfc944f95cc78b0fdcd1508a063983cc58973f54c2b20797f0b0f480c4a2b84aaa2ca185158c14800ec659163880
  languageName: node
  linkType: hard

"rc-rate@npm:~2.10.0":
  version: 2.10.0
  resolution: "rc-rate@npm:2.10.0"
  dependencies:
    "@babel/runtime": ^7.10.1
    classnames: ^2.2.5
    rc-util: ^5.0.1
  peerDependencies:
    react: ">=16.9.0"
    react-dom: ">=16.9.0"
  checksum: ccc6e683a5297e71c4779358bc21f3908e08deac9f3a6e40b0ce3e3ad8bd430caecb9647258d6f8ba1fac063058b64d34c78b94815de7f104b727c23da5628b5
  languageName: node
  linkType: hard

"rc-resize-observer@npm:^1.0.0, rc-resize-observer@npm:^1.1.0, rc-resize-observer@npm:^1.2.0, rc-resize-observer@npm:^1.3.1":
  version: 1.3.1
  resolution: "rc-resize-observer@npm:1.3.1"
  dependencies:
    "@babel/runtime": ^7.20.7
    classnames: ^2.2.1
    rc-util: ^5.27.0
    resize-observer-polyfill: ^1.5.1
  peerDependencies:
    react: ">=16.9.0"
    react-dom: ">=16.9.0"
  checksum: cc952e5d3071543e990103ea64b20310e3a09c950a473bf89a3a7e6063bd060c6c041f0333085640676d176c7edd58676a3b3d64dfa17461ea6f3a62f79c4d65
  languageName: node
  linkType: hard

"rc-segmented@npm:~2.2.0":
  version: 2.2.2
  resolution: "rc-segmented@npm:2.2.2"
  dependencies:
    "@babel/runtime": ^7.11.1
    classnames: ^2.2.1
    rc-motion: ^2.4.4
    rc-util: ^5.17.0
  peerDependencies:
    react: ">=16.0.0"
    react-dom: ">=16.0.0"
  checksum: 018325f1fe183dec98a358c8180ea8483ee8e593b2fa72767b765b9f200aed4054eea6257f93f48a456324cb082fd8b8e38a9929cb71eb37ac63357ad9d89f04
  languageName: node
  linkType: hard

"rc-select@npm:~14.5.0":
  version: 14.5.0
  resolution: "rc-select@npm:14.5.0"
  dependencies:
    "@babel/runtime": ^7.10.1
    "@rc-component/trigger": ^1.5.0
    classnames: 2.x
    rc-motion: ^2.0.1
    rc-overflow: ^1.0.0
    rc-util: ^5.16.1
    rc-virtual-list: ^3.5.2
  peerDependencies:
    react: "*"
    react-dom: "*"
  checksum: 9e10ebf84eac1fc224e9fcc17ea0cec8d07db13cd760749a3b0e798ebcf85ed457a795bf37b157c7a60de4fb3139543fec96e80e5c1524938e2e840e551ea693
  languageName: node
  linkType: hard

"rc-slider@npm:~10.1.0":
  version: 10.1.1
  resolution: "rc-slider@npm:10.1.1"
  dependencies:
    "@babel/runtime": ^7.10.1
    classnames: ^2.2.5
    rc-util: ^5.27.0
  peerDependencies:
    react: ">=16.9.0"
    react-dom: ">=16.9.0"
  checksum: 8df66142f1be00d31aaa45f3cf266fa30d03b70c74c734502389bbfacdb6741e149cd36dc1d3557d9dbb0194ed2733748366d888651d1120098338086419ba2c
  languageName: node
  linkType: hard

"rc-steps@npm:~6.0.0":
  version: 6.0.0
  resolution: "rc-steps@npm:6.0.0"
  dependencies:
    "@babel/runtime": ^7.16.7
    classnames: ^2.2.3
    rc-util: ^5.16.1
  peerDependencies:
    react: ">=16.9.0"
    react-dom: ">=16.9.0"
  checksum: 22cec1477fdd7c92e480d980c88ba8175e897e4dcd06c6c11fcdb8175ebede19b9367d8d62d1ee21ec5dfd9d8ab7724c3665582a51dde86c36ecdc810550bb1b
  languageName: node
  linkType: hard

"rc-switch@npm:~4.1.0":
  version: 4.1.0
  resolution: "rc-switch@npm:4.1.0"
  dependencies:
    "@babel/runtime": ^7.21.0
    classnames: ^2.2.1
    rc-util: ^5.30.0
  peerDependencies:
    react: ">=16.9.0"
    react-dom: ">=16.9.0"
  checksum: eed3caa569de0d5451ebb5afab045df505674c266a995b3527cb15d67d22df9abc715def3ccbf8e34ecf4058ffa14054f35578ab74240e6f2cdaa6fdf35e2253
  languageName: node
  linkType: hard

"rc-table@npm:~7.32.1":
  version: 7.32.1
  resolution: "rc-table@npm:7.32.1"
  dependencies:
    "@babel/runtime": ^7.10.1
    "@rc-component/context": ^1.3.0
    classnames: ^2.2.5
    rc-resize-observer: ^1.1.0
    rc-util: ^5.27.1
  peerDependencies:
    react: ">=16.9.0"
    react-dom: ">=16.9.0"
  checksum: b2ecc2a11ceb4789414c3e49947508d570c163911d4c09926277b1c2973806bdc6932ca9652cf8098c1ad73657b6c6e412b002555d90f1bd9104d0cc570e09de
  languageName: node
  linkType: hard

"rc-tabs@npm:~12.6.0":
  version: 12.6.0
  resolution: "rc-tabs@npm:12.6.0"
  dependencies:
    "@babel/runtime": ^7.11.2
    classnames: 2.x
    rc-dropdown: ~4.1.0
    rc-menu: ~9.8.0
    rc-motion: ^2.6.2
    rc-resize-observer: ^1.0.0
    rc-util: ^5.16.0
  peerDependencies:
    react: ">=16.9.0"
    react-dom: ">=16.9.0"
  checksum: 42204e15d39920a138cf7455f6e2a2af040c1a1c28e4a343c61b978e5754a2a47bbdfffba5bf66cc85d107bf1193586dc5b12c10411b5c599e50ba8e45ce5af2
  languageName: node
  linkType: hard

"rc-textarea@npm:~1.2.0, rc-textarea@npm:~1.2.2":
  version: 1.2.3
  resolution: "rc-textarea@npm:1.2.3"
  dependencies:
    "@babel/runtime": ^7.10.1
    classnames: ^2.2.1
    rc-input: ~1.0.4
    rc-resize-observer: ^1.0.0
    rc-util: ^5.27.0
  peerDependencies:
    react: ">=16.9.0"
    react-dom: ">=16.9.0"
  checksum: cf0b19982f380ecd4196f0a7ec6457fbf8d49fc6701be05ff811b0d0ec944a03f4d1e20f1ffd2a039644ab78359e9ff57e1826c716879426890182ffb18724af
  languageName: node
  linkType: hard

"rc-tooltip@npm:~6.0.0":
  version: 6.0.1
  resolution: "rc-tooltip@npm:6.0.1"
  dependencies:
    "@babel/runtime": ^7.11.2
    "@rc-component/trigger": ^1.0.4
    classnames: ^2.3.1
  peerDependencies:
    react: ">=16.9.0"
    react-dom: ">=16.9.0"
  checksum: fe7f617a4f4e0085d8f5eb5e8da5598f0164841c841f62f77966706ae604491246441a469aeb44f1dec7001bb4716ee81d11ec646e8889f4164fcba3a024eea5
  languageName: node
  linkType: hard

"rc-tree-select@npm:~5.9.0":
  version: 5.9.0
  resolution: "rc-tree-select@npm:5.9.0"
  dependencies:
    "@babel/runtime": ^7.10.1
    classnames: 2.x
    rc-select: ~14.5.0
    rc-tree: ~5.7.0
    rc-util: ^5.16.1
  peerDependencies:
    react: "*"
    react-dom: "*"
  checksum: 35114024de35c59b2b56df77aa5b1ad6d262ae6ac5a02b68a425af598420e98d08a12dfa64f68578d4293166032239647d5c03a9c089aef49b33b5cfc4be9306
  languageName: node
  linkType: hard

"rc-tree@npm:~5.7.0":
  version: 5.7.3
  resolution: "rc-tree@npm:5.7.3"
  dependencies:
    "@babel/runtime": ^7.10.1
    classnames: 2.x
    rc-motion: ^2.0.1
    rc-util: ^5.16.1
    rc-virtual-list: ^3.4.8
  peerDependencies:
    react: "*"
    react-dom: "*"
  checksum: 201e166248b9dcf4b083729e3a3676d730f98b96d396655f7fdf9a458d447e640bf52f7a033c8e2ca90c6a72bcb591310930c8071ec1698b0069d9f503e44c4f
  languageName: node
  linkType: hard

"rc-trigger@npm:^5.1.2":
  version: 5.3.4
  resolution: "rc-trigger@npm:5.3.4"
  dependencies:
    "@babel/runtime": ^7.18.3
    classnames: ^2.2.6
    rc-align: ^4.0.0
    rc-motion: ^2.0.0
    rc-util: ^5.19.2
  peerDependencies:
    react: ">=16.9.0"
    react-dom: ">=16.9.0"
  checksum: 6ca7694a4cf064040b5e0fd9b4629b0e0a19ebb29c4eb5614ee9eb22b4193e21909171fd95e48be73a94e44f249cb9616d7670b696164620b722d3de6f280017
  languageName: node
  linkType: hard

"rc-upload@npm:~4.3.0":
  version: 4.3.4
  resolution: "rc-upload@npm:4.3.4"
  dependencies:
    "@babel/runtime": ^7.18.3
    classnames: ^2.2.5
    rc-util: ^5.2.0
  peerDependencies:
    react: ">=16.9.0"
    react-dom: ">=16.9.0"
  checksum: 59ddf31a58ce716d1ace506b1c3e36744895c24c683a17185517dab68dfbb1cf158f57ce14a8f0899e85b2924bfa0d82587771939225ea21a41b907f91779afa
  languageName: node
  linkType: hard

"rc-util@npm:^5.0.1, rc-util@npm:^5.0.6, rc-util@npm:^5.15.0, rc-util@npm:^5.16.0, rc-util@npm:^5.16.1, rc-util@npm:^5.17.0, rc-util@npm:^5.18.1, rc-util@npm:^5.19.2, rc-util@npm:^5.2.0, rc-util@npm:^5.20.1, rc-util@npm:^5.21.0, rc-util@npm:^5.21.2, rc-util@npm:^5.22.5, rc-util@npm:^5.24.4, rc-util@npm:^5.25.2, rc-util@npm:^5.26.0, rc-util@npm:^5.27.0, rc-util@npm:^5.27.1, rc-util@npm:^5.28.0, rc-util@npm:^5.29.2, rc-util@npm:^5.30.0, rc-util@npm:^5.6.1, rc-util@npm:^5.8.0, rc-util@npm:^5.9.4":
  version: 5.31.1
  resolution: "rc-util@npm:5.31.1"
  dependencies:
    "@babel/runtime": ^7.18.3
    react-is: ^16.12.0
  peerDependencies:
    react: ">=16.9.0"
    react-dom: ">=16.9.0"
  checksum: fc22d9ca12a8b2ac4322db377a2980797843a2776d741fdaccbb642a61c02019a118fafc82dc5f03f148c186e292d539764a8dba1ee0799491d6142bb213b4bc
  languageName: node
  linkType: hard

"rc-util@npm:^5.31.1":
  version: 5.33.0
  resolution: "rc-util@npm:5.33.0"
  dependencies:
    "@babel/runtime": ^7.18.3
    react-is: ^16.12.0
  peerDependencies:
    react: ">=16.9.0"
    react-dom: ">=16.9.0"
  checksum: 1a5b4f2ded3ca8a874e3a0797158fb1be60987711145346ba4b9ae8e84fb91462dd030ff06850644d93a46c9d53eaccb978c703a1f3841e55ac2af0117c35745
  languageName: node
  linkType: hard

"rc-virtual-list@npm:^3.4.8, rc-virtual-list@npm:^3.5.2":
  version: 3.5.2
  resolution: "rc-virtual-list@npm:3.5.2"
  dependencies:
    "@babel/runtime": ^7.20.0
    classnames: ^2.2.6
    rc-resize-observer: ^1.0.0
    rc-util: ^5.15.0
  peerDependencies:
    react: "*"
    react-dom: "*"
  checksum: d0ea5bc20bd54751220422442c6ff9c670fbe412b200a7739ac635212d3f0fd74863c85ed0532a9d65cf0e0e09a752c3ee65ed7233327529ac502aca118375a2
  languageName: node
  linkType: hard

"react-dom@npm:18.2.0":
  version: 18.2.0
  resolution: "react-dom@npm:18.2.0"
  dependencies:
    loose-envify: ^1.1.0
    scheduler: ^0.23.0
  peerDependencies:
    react: ^18.2.0
  checksum: 7d323310bea3a91be2965f9468d552f201b1c27891e45ddc2d6b8f717680c95a75ae0bc1e3f5cf41472446a2589a75aed4483aee8169287909fcd59ad149e8cc
  languageName: node
  linkType: hard

"react-is@npm:^16.12.0":
  version: 16.13.1
  resolution: "react-is@npm:16.13.1"
  checksum: f7a19ac3496de32ca9ae12aa030f00f14a3d45374f1ceca0af707c831b2a6098ef0d6bdae51bd437b0a306d7f01d4677fcc8de7c0d331eb47ad0f46130e53c5f
  languageName: node
  linkType: hard

"react@npm:18.2.0":
  version: 18.2.0
  resolution: "react@npm:18.2.0"
  dependencies:
    loose-envify: ^1.1.0
  checksum: 88e38092da8839b830cda6feef2e8505dec8ace60579e46aa5490fc3dc9bba0bd50336507dc166f43e3afc1c42939c09fe33b25fae889d6f402721dcd78fca1b
  languageName: node
  linkType: hard

"regenerator-runtime@npm:^0.13.11":
  version: 0.13.11
  resolution: "regenerator-runtime@npm:0.13.11"
  checksum: 27481628d22a1c4e3ff551096a683b424242a216fee44685467307f14d58020af1e19660bf2e26064de946bad7eff28950eae9f8209d55723e2d9351e632bbb4
  languageName: node
  linkType: hard

"resize-observer-polyfill@npm:^1.5.1":
  version: 1.5.1
  resolution: "resize-observer-polyfill@npm:1.5.1"
  checksum: 57e7f79489867b00ba43c9c051524a5c8f162a61d5547e99333549afc23e15c44fd43f2f318ea0261ea98c0eb3158cca261e6f48d66e1ed1cd1f340a43977094
  languageName: node
  linkType: hard

"scheduler@npm:^0.23.0":
  version: 0.23.0
  resolution: "scheduler@npm:0.23.0"
  dependencies:
    loose-envify: ^1.1.0
  checksum: d79192eeaa12abef860c195ea45d37cbf2bbf5f66e3c4dcd16f54a7da53b17788a70d109ee3d3dde1a0fd50e6a8fc171f4300356c5aee4fc0171de526bf35f8a
  languageName: node
  linkType: hard

"screenfull@npm:^5.0.0":
  version: 5.2.0
  resolution: "screenfull@npm:5.2.0"
  checksum: 21eae33b780eb4679ea0ea2d14734b11168cf35049c45a2bf24ddeb39c67a788e7a8fb46d8b61ca6d8367fd67ce9dd4fc8bfe476489249c7189c2a79cf83f51a
  languageName: node
  linkType: hard

"scroll-into-view-if-needed@npm:^3.0.3":
  version: 3.0.10
  resolution: "scroll-into-view-if-needed@npm:3.0.10"
  dependencies:
    compute-scroll-into-view: ^3.0.2
  checksum: eab326e527620883040e1937329bce28396ac67199098202fc785853b1576646ff1c987594f5630f78bfd84fda8486a793845c0f5c0b1ad70638c6d015578ebb
  languageName: node
  linkType: hard

"source-map-js@npm:^1.0.2":
  version: 1.0.2
  resolution: "source-map-js@npm:1.0.2"
  checksum: c049a7fc4deb9a7e9b481ae3d424cc793cb4845daa690bc5a05d428bf41bf231ced49b4cf0c9e77f9d42fdb3d20d6187619fc586605f5eabe995a316da8d377c
  languageName: node
  linkType: hard

"streamsearch@npm:^1.1.0":
  version: 1.1.0
  resolution: "streamsearch@npm:1.1.0"
  checksum: 1cce16cea8405d7a233d32ca5e00a00169cc0e19fbc02aa839959985f267335d435c07f96e5e0edd0eadc6d39c98d5435fb5bbbdefc62c41834eadc5622ad942
  languageName: node
  linkType: hard

"string-convert@npm:^0.2.0":
  version: 0.2.1
  resolution: "string-convert@npm:0.2.1"
  checksum: 1098b1d8e3712c72d0a0b0b7f5c36c98af93e7660b5f0f14019e41bcefe55bfa79214d5e03e74d98a7334a0b9bf2b7f4c6889c8c24801aa2ae2f9ebe1d8a1ef9
  languageName: node
  linkType: hard

"styled-jsx@npm:5.1.1":
  version: 5.1.1
  resolution: "styled-jsx@npm:5.1.1"
  dependencies:
    client-only: 0.0.1
  peerDependencies:
    react: ">= 16.8.0 || 17.x.x || ^18.0.0-0"
  peerDependenciesMeta:
    "@babel/core":
      optional: true
    babel-plugin-macros:
      optional: true
  checksum: 523a33b38603492547e861b98e29c873939b04e15fbe5ef16132c6f1e15958126647983c7d4675325038b428a5e91183d996e90141b18bdd1bbadf6e2c45b2fa
  languageName: node
  linkType: hard

"stylis@npm:^4.0.13":
  version: 4.2.0
  resolution: "stylis@npm:4.2.0"
  checksum: 0eb6cc1b866dc17a6037d0a82ac7fa877eba6a757443e79e7c4f35bacedbf6421fadcab4363b39667b43355cbaaa570a3cde850f776498e5450f32ed2f9b7584
  languageName: node
  linkType: hard

"throttle-debounce@npm:^5.0.0":
  version: 5.0.0
  resolution: "throttle-debounce@npm:5.0.0"
  checksum: aa8bf25828b4f8645ce863589de05d6807ea3debc147ce7d89624638ff8a16792d6d0baa0f8a32a260f0b163444d74020c6087b713ae561fde594b97b6e51f28
  languageName: node
  linkType: hard

"toggle-selection@npm:^1.0.6":
  version: 1.0.6
  resolution: "toggle-selection@npm:1.0.6"
  checksum: a90dc80ed1e7b18db8f4e16e86a5574f87632dc729cfc07d9ea3ced50021ad42bb4e08f22c0913e0b98e3837b0b717e0a51613c65f30418e21eb99da6556a74c
  languageName: node
  linkType: hard

"tslib@npm:^2.4.0, tslib@npm:^2.4.1":
  version: 2.5.2
  resolution: "tslib@npm:2.5.2"
  checksum: 4d3c1e238b94127ed0e88aa0380db3c2ddae581dc0f4bae5a982345e9f50ee5eda90835b8bfba99b02df10a5734470be197158c36f9129ac49fdc14a6a9da222
  languageName: node
  linkType: hard

"typescript@npm:5.0.4":
  version: 5.0.4
  resolution: "typescript@npm:5.0.4"
  bin:
    tsc: bin/tsc
    tsserver: bin/tsserver
  checksum: 82b94da3f4604a8946da585f7d6c3025fff8410779e5bde2855ab130d05e4fd08938b9e593b6ebed165bda6ad9292b230984f10952cf82f0a0ca07bbeaa08172
  languageName: node
  linkType: hard

"typescript@patch:typescript@5.0.4#~builtin<compat/typescript>":
  version: 5.0.4
  resolution: "typescript@patch:typescript@npm%3A5.0.4#~builtin<compat/typescript>::version=5.0.4&hash=85af82"
  bin:
    tsc: bin/tsc
    tsserver: bin/tsserver
  checksum: bb309d320c59a26565fb3793dba550576ab861018ff3fd1b7fccabbe46ae4a35546bc45f342c0a0b6f265c801ccdf64ffd68f548f117ceb7f0eac4b805cd52a9
  languageName: node
  linkType: hard

"zod@npm:3.21.4":
  version: 3.21.4
  resolution: "zod@npm:3.21.4"
  checksum: f185ba87342ff16f7a06686767c2b2a7af41110c7edf7c1974095d8db7a73792696bcb4a00853de0d2edeb34a5b2ea6a55871bc864227dace682a0a28de33e1f
  languageName: node
  linkType: hard
